
Microsoft Visual Studio Solution File, Format Version 12.00
# Visual Studio Version 16
VisualStudioVersion = 16.0.30309.148
MinimumVisualStudioVersion = 10.0.40219.1
Project("{FAE04EC0-301F-11D3-BF4B-00C04F79EFBC}") = "Models", "Models\Models.csproj", "{796E3C0A-5A18-40FF-983C-F36AAC8BA56A}"
EndProject
Project("{FAE04EC0-301F-11D3-BF4B-00C04F79EFBC}") = "Data", "Data\Data.csproj", "{44E671F7-A8D7-4A29-93E6-63D807FDCB00}"
EndProject
Project("{FAE04EC0-301F-11D3-BF4B-00C04F79EFBC}") = "WebApi", "WebApi\WebApi.csproj", "{B5E51001-A05B-45D4-8E1C-87EFC1EBF035}"
EndProject
Global
	GlobalSection(SolutionConfigurationPlatforms) = preSolution
		Debug|Any CPU = Debug|Any CPU
		Release|Any CPU = Release|Any CPU
	EndGlobalSection
	GlobalSection(ProjectConfigurationPlatforms) = postSolution
		{796E3C0A-5A18-40FF-983C-F36AAC8BA56A}.Debug|Any CPU.ActiveCfg = Debug|Any CPU
		{796E3C0A-5A18-40FF-983C-F36AAC8BA56A}.Debug|Any CPU.Build.0 = Debug|Any CPU
		{796E3C0A-5A18-40FF-983C-F36AAC8BA56A}.Release|Any CPU.ActiveCfg = Release|Any CPU
		{796E3C0A-5A18-40FF-983C-F36AAC8BA56A}.Release|Any CPU.Build.0 = Release|Any CPU
		{44E671F7-A8D7-4A29-93E6-63D807FDCB00}.Debug|Any CPU.ActiveCfg = Debug|Any CPU
		{44E671F7-A8D7-4A29-93E6-63D807FDCB00}.Debug|Any CPU.Build.0 = Debug|Any CPU
		{44E671F7-A8D7-4A29-93E6-63D807FDCB00}.Release|Any CPU.ActiveCfg = Release|Any CPU
		{44E671F7-A8D7-4A29-93E6-63D807FDCB00}.Release|Any CPU.Build.0 = Release|Any CPU
		{B5E51001-A05B-45D4-8E1C-87EFC1EBF035}.Debug|Any CPU.ActiveCfg = Debug|Any CPU
		{B5E51001-A05B-45D4-8E1C-87EFC1EBF035}.Debug|Any CPU.Build.0 = Debug|Any CPU
		{B5E51001-A05B-45D4-8E1C-87EFC1EBF035}.Release|Any CPU.ActiveCfg = Release|Any CPU
		{B5E51001-A05B-45D4-8E1C-87EFC1EBF035}.Release|Any CPU.Build.0 = Release|Any CPU
	EndGlobalSection
	GlobalSection(SolutionProperties) = preSolution
		HideSolutionNode = FALSE
	EndGlobalSection
	GlobalSection(ExtensibilityGlobals) = postSolution
		SolutionGuid = {7219A158-24B1-4FAC-9F72-BA2C2F15AD64}
	EndGlobalSection
EndGlobal
